
Microsoft Visual Studio Solution File, Format Version 12.00
# Visual Studio Version 16
VisualStudioVersion = 16.0.30503.244
MinimumVisualStudioVersion = 10.0.40219.1
Project("{9A19103F-16F7-4668-BE54-9A1E7A4F7556}") = "spaceparkapi", "spaceparkapi.csproj", "{5401790A-D3F7-45AF-BA5B-A50EF147704A}"
EndProject
Project("{FAE04EC0-301F-11D3-BF4B-00C04F79EFBC}") = "SpaceParkUnitTest", "..\SpaceParkUnitTest\SpaceParkUnitTest.csproj", "{0D1978B6-C2C1-48BF-B699-46A5065E50CC}"
EndProject
Global
	GlobalSection(SolutionConfigurationPlatforms) = preSolution
		Debug|Any CPU = Debug|Any CPU
		Release|Any CPU = Release|Any CPU
	EndGlobalSection
	GlobalSection(ProjectConfigurationPlatforms) = postSolution
		{5401790A-D3F7-45AF-BA5B-A50EF147704A}.Debug|Any CPU.ActiveCfg = Debug|Any CPU
		{5401790A-D3F7-45AF-BA5B-A50EF147704A}.Debug|Any CPU.Build.0 = Debug|Any CPU
		{5401790A-D3F7-45AF-BA5B-A50EF147704A}.Release|Any CPU.ActiveCfg = Release|Any CPU
		{5401790A-D3F7-45AF-BA5B-A50EF147704A}.Release|Any CPU.Build.0 = Release|Any CPU
		{0D1978B6-C2C1-48BF-B699-46A5065E50CC}.Debug|Any CPU.ActiveCfg = Debug|Any CPU
		{0D1978B6-C2C1-48BF-B699-46A5065E50CC}.Debug|Any CPU.Build.0 = Debug|Any CPU
		{0D1978B6-C2C1-48BF-B699-46A5065E50CC}.Release|Any CPU.ActiveCfg = Release|Any CPU
		{0D1978B6-C2C1-48BF-B699-46A5065E50CC}.Release|Any CPU.Build.0 = Release|Any CPU
	EndGlobalSection
	GlobalSection(SolutionProperties) = preSolution
		HideSolutionNode = FALSE
	EndGlobalSection
	GlobalSection(ExtensibilityGlobals) = postSolution
		SolutionGuid = {0048CEB5-BFA3-44AE-A7F8-9C7A3AEF08C6}
	EndGlobalSection
EndGlobal
